
Microsoft Visual Studio Solution File, Format Version 12.00
# Visual Studio Version 17
VisualStudioVersion = 17.3.32825.248
MinimumVisualStudioVersion = 10.0.40219.1
Project("{FAE04EC0-301F-11D3-BF4B-00C04F79EFBC}") = "PR-21.106_Belyi_1", "PR-21.106_Belyi_1\PR-21.106_Belyi_1.csproj", "{DA31B5F1-769B-4EC3-BEFD-A4CD7385F59C}"
EndProject
Global
	GlobalSection(SolutionConfigurationPlatforms) = preSolution
		Debug|Any CPU = Debug|Any CPU
		Release|Any CPU = Release|Any CPU
	EndGlobalSection
	GlobalSection(ProjectConfigurationPlatforms) = postSolution
		{DA31B5F1-769B-4EC3-BEFD-A4CD7385F59C}.Debug|Any CPU.ActiveCfg = Debug|Any CPU
		{DA31B5F1-769B-4EC3-BEFD-A4CD7385F59C}.Debug|Any CPU.Build.0 = Debug|Any CPU
		{DA31B5F1-769B-4EC3-BEFD-A4CD7385F59C}.Release|Any CPU.ActiveCfg = Release|Any CPU
		{DA31B5F1-769B-4EC3-BEFD-A4CD7385F59C}.Release|Any CPU.Build.0 = Release|Any CPU
	EndGlobalSection
	GlobalSection(SolutionProperties) = preSolution
		HideSolutionNode = FALSE
	EndGlobalSection
	GlobalSection(ExtensibilityGlobals) = postSolution
		SolutionGuid = {3B600102-02D5-4DE9-9758-2F04212429DA}
	EndGlobalSection
EndGlobal
